{
  "name": "verbgen",
  "lockfileVersion": 3,
  "requires": true,
  "packages": {
    "": {
      "dependencies": {
        "conjugation-fr": "^0.3.4"
      }
    },
    "node_modules/conjugation-fr": {
      "version": "0.3.4",
      "resolved": "https://registry.npmjs.org/conjugation-fr/-/conjugation-fr-0.3.4.tgz",
      "integrity": "sha512-dsYsZP4rYwrnEJZgwBtMElfzvRBlwaPBOxrutX6Ja/IPrQfvfLQNEW/ILmBVZKbw3npYSvrPBTCGC5tpKsm+5Q==",
      "license": "GPL-2.0"
    }
  }
}
